
Microsoft Visual Studio Solution File, Format Version 12.00
# Visual Studio Version 17
VisualStudioVersion = 17.9.34616.47
MinimumVisualStudioVersion = 10.0.40219.1
Project("{888888A0-9F3D-457C-B088-3A5042F75D52}") = "Operating Systems Scheduling", "Operating Systems Schedulers\Operating Systems Scheduling.pyproj", "{2DEDB84E-43D1-45CA-A082-A7C5D41D682A}"
EndProject
Global
	GlobalSection(SolutionConfigurationPlatforms) = preSolution
		Debug|Any CPU = Debug|Any CPU
		Release|Any CPU = Release|Any CPU
	EndGlobalSection
	GlobalSection(ProjectConfigurationPlatforms) = postSolution
		{2DEDB84E-43D1-45CA-A082-A7C5D41D682A}.Debug|Any CPU.ActiveCfg = Debug|Any CPU
		{2DEDB84E-43D1-45CA-A082-A7C5D41D682A}.Release|Any CPU.ActiveCfg = Release|Any CPU
	EndGlobalSection
	GlobalSection(SolutionProperties) = preSolution
		HideSolutionNode = FALSE
	EndGlobalSection
	GlobalSection(ExtensibilityGlobals) = postSolution
		SolutionGuid = {DBB6A678-B204-4010-BCA3-34D98981F5EB}
	EndGlobalSection
EndGlobal
